// !$*UTF8*$!
{
	archiveVersion = 1;
	classes = {
	};
	objectVersion = 51;
	objects = {

/* Begin PBXBuildFile section */
		362DEA280462CBA952F519D9 /* Pods_firebase_practice_mock_instagramTests.framework in Frameworks */ = {isa = PBXBuildFile; fileRef = 3979FE145D6DE1B7E3D2B45E /* Pods_firebase_practice_mock_instagramTests.framework */; };
		AE214C7A65A637165A44C19B /* Pods_firebase_practice_mock_instagram.framework in Frameworks */ = {isa = PBXBuildFile; fileRef = 3A98B885171D59EE327F2D5A /* Pods_firebase_practice_mock_instagram.framework */; };
		EA30E89323846BFB00734AE0 /* AppDelegate.swift in Sources */ = {isa = PBXBuildFile; fileRef = EA30E89223846BFB00734AE0 /* AppDelegate.swift */; };
		EA30E89523846BFB00734AE0 /* SceneDelegate.swift in Sources */ = {isa = PBXBuildFile; fileRef = EA30E89423846BFB00734AE0 /* SceneDelegate.swift */; };
		EA30E89723846BFB00734AE0 /* LogInViewController.swift in Sources */ = {isa = PBXBuildFile; fileRef = EA30E89623846BFB00734AE0 /* LogInViewController.swift */; };
		EA30E89F23846C0200734AE0 /* Assets.xcassets in Resources */ = {isa = PBXBuildFile; fileRef = EA30E89E23846C0200734AE0 /* Assets.xcassets */; };
		EA30E8A223846C0200734AE0 /* LaunchScreen.storyboard in Resources */ = {isa = PBXBuildFile; fileRef = EA30E8A023846C0200734AE0 /* LaunchScreen.storyboard */; };
		EA30E8AD23846C0200734AE0 /* firebase_practice_mock_instagramTests.swift in Sources */ = {isa = PBXBuildFile; fileRef = EA30E8AC23846C0200734AE0 /* firebase_practice_mock_instagramTests.swift */; };
		EA30E8B923846DC000734AE0 /* ProfileViewController.swift in Sources */ = {isa = PBXBuildFile; fileRef = EA30E8B823846DC000734AE0 /* ProfileViewController.swift */; };
		EA30E8BB23846DCC00734AE0 /* FeedViewController.swift in Sources */ = {isa = PBXBuildFile; fileRef = EA30E8BA23846DCC00734AE0 /* FeedViewController.swift */; };
		EA30E8BD23846DE500734AE0 /* ImageUploadViewController.swift in Sources */ = {isa = PBXBuildFile; fileRef = EA30E8BC23846DE500734AE0 /* ImageUploadViewController.swift */; };
		EA30E8BF23846DEC00734AE0 /* ImageDetailViewController.swift in Sources */ = {isa = PBXBuildFile; fileRef = EA30E8BE23846DEC00734AE0 /* ImageDetailViewController.swift */; };
		EA30E8C323846E8300734AE0 /* User.swift in Sources */ = {isa = PBXBuildFile; fileRef = EA30E8C223846E8300734AE0 /* User.swift */; };
		EA30E8C523846EE000734AE0 /* Post.swift in Sources */ = {isa = PBXBuildFile; fileRef = EA30E8C423846EE000734AE0 /* Post.swift */; };
		EA30E8C82384703B00734AE0 /* FeedCollectionViewCell.swift in Sources */ = {isa = PBXBuildFile; fileRef = EA30E8C72384703B00734AE0 /* FeedCollectionViewCell.swift */; };
		EA30E8CE2384894200734AE0 /* GoogleService-Info.plist in Resources */ = {isa = PBXBuildFile; fileRef = EA30E8CD2384894200734AE0 /* GoogleService-Info.plist */; };
		EA30E8D02385EF7800734AE0 /* SignUpViewController.swift in Sources */ = {isa = PBXBuildFile; fileRef = EA30E8CF2385EF7800734AE0 /* SignUpViewController.swift */; };
/* End PBXBuildFile section */

/* Begin PBXContainerItemProxy section */
		EA30E8A923846C0200734AE0 /* PBXContainerItemProxy */ = {
			isa = PBXContainerItemProxy;
			containerPortal = EA30E88723846BFB00734AE0 /* Project object */;
			proxyType = 1;
			remoteGlobalIDString = EA30E88E23846BFB00734AE0;
			remoteInfo = "firebase-practice-mock-instagram";
		};
/* End PBXContainerItemProxy section */

/* Begin PBXFileReference section */
		3979FE145D6DE1B7E3D2B45E /* Pods_firebase_practice_mock_instagramTests.framework */ = {isa = PBXFileReference; explicitFileType = wrapper.framework; includeInIndex = 0; path = Pods_firebase_practice_mock_instagramTests.framework; sourceTree = BUILT_PRODUCTS_DIR; };
		3A98B885171D59EE327F2D5A /* Pods_firebase_practice_mock_instagram.framework */ = {isa = PBXFileReference; explicitFileType = wrapper.framework; includeInIndex = 0; path = Pods_firebase_practice_mock_instagram.framework; sourceTree = BUILT_PRODUCTS_DIR; };
		A74F2BA8D98CDDB4694DAF50 /* Pods-firebase-practice-mock-instagramTests.release.xcconfig */ = {isa = PBXFileReference; includeInIndex = 1; lastKnownFileType = text.xcconfig; name = "Pods-firebase-practice-mock-instagramTests.release.xcconfig"; path = "Target Support Files/Pods-firebase-practice-mock-instagramTests/Pods-firebase-practice-mock-instagramTests.release.xcconfig"; sourceTree = "<group>"; };
		B7D87D7F2AD8BED7287CF11E /* Pods-firebase-practice-mock-instagram.debug.xcconfig */ = {isa = PBXFileReference; includeInIndex = 1; lastKnownFileType = text.xcconfig; name = "Pods-firebase-practice-mock-instagram.debug.xcconfig"; path = "Target Support Files/Pods-firebase-practice-mock-instagram/Pods-firebase-practice-mock-instagram.debug.xcconfig"; sourceTree = "<group>"; };
		EA30E88F23846BFB00734AE0 /* firebase-practice-mock-instagram.app */ = {isa = PBXFileReference; explicitFileType = wrapper.application; includeInIndex = 0; path = "firebase-practice-mock-instagram.app"; sourceTree = BUILT_PRODUCTS_DIR; };
		EA30E89223846BFB00734AE0 /* AppDelegate.swift */ = {isa = PBXFileReference; lastKnownFileType = sourcecode.swift; path = AppDelegate.swift; sourceTree = "<group>"; };
		EA30E89423846BFB00734AE0 /* SceneDelegate.swift */ = {isa = PBXFileReference; lastKnownFileType = sourcecode.swift; path = SceneDelegate.swift; sourceTree = "<group>"; };
		EA30E89623846BFB00734AE0 /* LogInViewController.swift */ = {isa = PBXFileReference; lastKnownFileType = sourcecode.swift; path = LogInViewController.swift; sourceTree = "<group>"; };
		EA30E89E23846C0200734AE0 /* Assets.xcassets */ = {isa = PBXFileReference; lastKnownFileType = folder.assetcatalog; path = Assets.xcassets; sourceTree = "<group>"; };
		EA30E8A123846C0200734AE0 /* Base */ = {isa = PBXFileReference; lastKnownFileType = file.storyboard; name = Base; path = Base.lproj/LaunchScreen.storyboard; sourceTree = "<group>"; };
		EA30E8A323846C0200734AE0 /* Info.plist */ = {isa = PBXFileReference; lastKnownFileType = text.plist.xml; path = Info.plist; sourceTree = "<group>"; };
		EA30E8A823846C0200734AE0 /* firebase-practice-mock-instagramTests.xctest */ = {isa = PBXFileReference; explicitFileType = wrapper.cfbundle; includeInIndex = 0; path = "firebase-practice-mock-instagramTests.xctest"; sourceTree = BUILT_PRODUCTS_DIR; };
		EA30E8AC23846C0200734AE0 /* firebase_practice_mock_instagramTests.swift */ = {isa = PBXFileReference; lastKnownFileType = sourcecode.swift; path = firebase_practice_mock_instagramTests.swift; sourceTree = "<group>"; };
		EA30E8AE23846C0200734AE0 /* Info.plist */ = {isa = PBXFileReference; lastKnownFileType = text.plist.xml; path = Info.plist; sourceTree = "<group>"; };
		EA30E8B823846DC000734AE0 /* ProfileViewController.swift */ = {isa = PBXFileReference; lastKnownFileType = sourcecode.swift; path = ProfileViewController.swift; sourceTree = "<group>"; };
		EA30E8BA23846DCC00734AE0 /* FeedViewController.swift */ = {isa = PBXFileReference; lastKnownFileType = sourcecode.swift; path = FeedViewController.swift; sourceTree = "<group>"; };
		EA30E8BC23846DE500734AE0 /* ImageUploadViewController.swift */ = {isa = PBXFileReference; lastKnownFileType = sourcecode.swift; path = ImageUploadViewController.swift; sourceTree = "<group>"; };
		EA30E8BE23846DEC00734AE0 /* ImageDetailViewController.swift */ = {isa = PBXFileReference; lastKnownFileType = sourcecode.swift; path = ImageDetailViewController.swift; sourceTree = "<group>"; };
		EA30E8C223846E8300734AE0 /* User.swift */ = {isa = PBXFileReference; lastKnownFileType = sourcecode.swift; path = User.swift; sourceTree = "<group>"; };
		EA30E8C423846EE000734AE0 /* Post.swift */ = {isa = PBXFileReference; lastKnownFileType = sourcecode.swift; path = Post.swift; sourceTree = "<group>"; };
		EA30E8C72384703B00734AE0 /* FeedCollectionViewCell.swift */ = {isa = PBXFileReference; lastKnownFileType = sourcecode.swift; path = FeedCollectionViewCell.swift; sourceTree = "<group>"; };
		EA30E8CD2384894200734AE0 /* GoogleService-Info.plist */ = {isa = PBXFileReference; fileEncoding = 4; lastKnownFileType = text.plist.xml; path = "GoogleService-Info.plist"; sourceTree = "<group>"; };
		EA30E8CF2385EF7800734AE0 /* SignUpViewController.swift */ = {isa = PBXFileReference; lastKnownFileType = sourcecode.swift; path = SignUpViewController.swift; sourceTree = "<group>"; };
		F05052A10CC6B2FF9F5CA026 /* Pods-firebase-practice-mock-instagram.release.xcconfig */ = {isa = PBXFileReference; includeInIndex = 1; lastKnownFileType = text.xcconfig; name = "Pods-firebase-practice-mock-instagram.release.xcconfig"; path = "Target Support Files/Pods-firebase-practice-mock-instagram/Pods-firebase-practice-mock-instagram.release.xcconfig"; sourceTree = "<group>"; };
		F5BA91300F8B124F1EE66D6E /* Pods-firebase-practice-mock-instagramTests.debug.xcconfig */ = {isa = PBXFileReference; includeInIndex = 1; lastKnownFileType = text.xcconfig; name = "Pods-firebase-practice-mock-instagramTests.debug.xcconfig"; path = "Target Support Files/Pods-firebase-practice-mock-instagramTests/Pods-firebase-practice-mock-instagramTests.debug.xcconfig"; sourceTree = "<group>"; };
/* End PBXFileReference section */

/* Begin PBXFrameworksBuildPhase section */
		EA30E88C23846BFB00734AE0 /* Frameworks */ = {
			isa = PBXFrameworksBuildPhase;
			buildActionMask = 2147483647;
			files = (
				AE214C7A65A637165A44C19B /* Pods_firebase_practice_mock_instagram.framework in Frameworks */,
			);
			runOnlyForDeploymentPostprocessing = 0;
		};
		EA30E8A523846C0200734AE0 /* Frameworks */ = {
			isa = PBXFrameworksBuildPhase;
			buildActionMask = 2147483647;
			files = (
				362DEA280462CBA952F519D9 /* Pods_firebase_practice_mock_instagramTests.framework in Frameworks */,
			);
			runOnlyForDeploymentPostprocessing = 0;
		};
/* End PBXFrameworksBuildPhase section */

/* Begin PBXGroup section */
		17B487541F0E2B0621539BE5 /* Pods */ = {
			isa = PBXGroup;
			children = (
				B7D87D7F2AD8BED7287CF11E /* Pods-firebase-practice-mock-instagram.debug.xcconfig */,
				F05052A10CC6B2FF9F5CA026 /* Pods-firebase-practice-mock-instagram.release.xcconfig */,
				F5BA91300F8B124F1EE66D6E /* Pods-firebase-practice-mock-instagramTests.debug.xcconfig */,
				A74F2BA8D98CDDB4694DAF50 /* Pods-firebase-practice-mock-instagramTests.release.xcconfig */,
			);
			path = Pods;
			sourceTree = "<group>";
		};
		3C925B3D93D07DDC21ED2842 /* Frameworks */ = {
			isa = PBXGroup;
			children = (
				3A98B885171D59EE327F2D5A /* Pods_firebase_practice_mock_instagram.framework */,
				3979FE145D6DE1B7E3D2B45E /* Pods_firebase_practice_mock_instagramTests.framework */,
			);
			name = Frameworks;
			sourceTree = "<group>";
		};
		EA30E88623846BFB00734AE0 = {
			isa = PBXGroup;
			children = (
				EA30E89123846BFB00734AE0 /* firebase-practice-mock-instagram */,
				EA30E8AB23846C0200734AE0 /* firebase-practice-mock-instagramTests */,
				EA30E89023846BFB00734AE0 /* Products */,
				17B487541F0E2B0621539BE5 /* Pods */,
				3C925B3D93D07DDC21ED2842 /* Frameworks */,
			);
			sourceTree = "<group>";
		};
		EA30E89023846BFB00734AE0 /* Products */ = {
			isa = PBXGroup;
			children = (
				EA30E88F23846BFB00734AE0 /* firebase-practice-mock-instagram.app */,
				EA30E8A823846C0200734AE0 /* firebase-practice-mock-instagramTests.xctest */,
			);
			name = Products;
			sourceTree = "<group>";
		};
		EA30E89123846BFB00734AE0 /* firebase-practice-mock-instagram */ = {
			isa = PBXGroup;
			children = (
				EA30E8C123846E6200734AE0 /* Models */,
				EA30E8B723846D9400734AE0 /* Controllers */,
				EA30E8C023846E3800734AE0 /* Views */,
				EA30E8C623846F1900734AE0 /* Supporting Files */,
				EA30E8A323846C0200734AE0 /* Info.plist */,
				EA30E8CD2384894200734AE0 /* GoogleService-Info.plist */,
			);
			path = "firebase-practice-mock-instagram";
			sourceTree = "<group>";
		};
		EA30E8AB23846C0200734AE0 /* firebase-practice-mock-instagramTests */ = {
			isa = PBXGroup;
			children = (
				EA30E8AC23846C0200734AE0 /* firebase_practice_mock_instagramTests.swift */,
				EA30E8AE23846C0200734AE0 /* Info.plist */,
			);
			path = "firebase-practice-mock-instagramTests";
			sourceTree = "<group>";
		};
		EA30E8B723846D9400734AE0 /* Controllers */ = {
			isa = PBXGroup;
			children = (
				EA30E89623846BFB00734AE0 /* LogInViewController.swift */,
				EA30E8B823846DC000734AE0 /* ProfileViewController.swift */,
				EA30E8CF2385EF7800734AE0 /* SignUpViewController.swift */,
				EA30E8BA23846DCC00734AE0 /* FeedViewController.swift */,
				EA30E8BC23846DE500734AE0 /* ImageUploadViewController.swift */,
				EA30E8BE23846DEC00734AE0 /* ImageDetailViewController.swift */,
			);
			path = Controllers;
			sourceTree = "<group>";
		};
		EA30E8C023846E3800734AE0 /* Views */ = {
			isa = PBXGroup;
			children = (
				EA30E8C72384703B00734AE0 /* FeedCollectionViewCell.swift */,
			);
			path = Views;
			sourceTree = "<group>";
		};
		EA30E8C123846E6200734AE0 /* Models */ = {
			isa = PBXGroup;
			children = (
				EA30E8C223846E8300734AE0 /* User.swift */,
				EA30E8C423846EE000734AE0 /* Post.swift */,
			);
			path = Models;
			sourceTree = "<group>";
		};
		EA30E8C623846F1900734AE0 /* Supporting Files */ = {
			isa = PBXGroup;
			children = (
				EA30E8A023846C0200734AE0 /* LaunchScreen.storyboard */,
				EA30E89223846BFB00734AE0 /* AppDelegate.swift */,
				EA30E89423846BFB00734AE0 /* SceneDelegate.swift */,
				EA30E89E23846C0200734AE0 /* Assets.xcassets */,
			);
			path = "Supporting Files";
			sourceTree = "<group>";
		};
/* End PBXGroup section */

/* Begin PBXNativeTarget section */
		EA30E88E23846BFB00734AE0 /* firebase-practice-mock-instagram */ = {
			isa = PBXNativeTarget;
			buildConfigurationList = EA30E8B123846C0200734AE0 /* Build configuration list for PBXNativeTarget "firebase-practice-mock-instagram" */;
			buildPhases = (
				F1CFFA60296128B83DE69915 /* [CP] Check Pods Manifest.lock */,
				EA30E88B23846BFB00734AE0 /* Sources */,
				EA30E88C23846BFB00734AE0 /* Frameworks */,
				EA30E88D23846BFB00734AE0 /* Resources */,
				F72A405291ED275AA6EFE190 /* [CP] Embed Pods Frameworks */,
			);
			buildRules = (
			);
			dependencies = (
			);
			name = "firebase-practice-mock-instagram";
			productName = "firebase-practice-mock-instagram";
			productReference = EA30E88F23846BFB00734AE0 /* firebase-practice-mock-instagram.app */;
			productType = "com.apple.product-type.application";
		};
		EA30E8A723846C0200734AE0 /* firebase-practice-mock-instagramTests */ = {
			isa = PBXNativeTarget;
			buildConfigurationList = EA30E8B423846C0200734AE0 /* Build configuration list for PBXNativeTarget "firebase-practice-mock-instagramTests" */;
			buildPhases = (
				08E1C880E47D4965847DC97E /* [CP] Check Pods Manifest.lock */,
				EA30E8A423846C0200734AE0 /* Sources */,
				EA30E8A523846C0200734AE0 /* Frameworks */,
				EA30E8A623846C0200734AE0 /* Resources */,
			);
			buildRules = (
			);
			dependencies = (
				EA30E8AA23846C0200734AE0 /* PBXTargetDependency */,
			);
			name = "firebase-practice-mock-instagramTests";
			productName = "firebase-practice-mock-instagramTests";
			productReference = EA30E8A823846C0200734AE0 /* firebase-practice-mock-instagramTests.xctest */;
			productType = "com.apple.product-type.bundle.unit-test";
		};
/* End PBXNativeTarget section */

/* Begin PBXProject section */
		EA30E88723846BFB00734AE0 /* Project object */ = {
			isa = PBXProject;
			attributes = {
				LastSwiftUpdateCheck = 1120;
				LastUpgradeCheck = 1120;
				ORGANIZATIONNAME = "Sunni Tang";
				TargetAttributes = {
					EA30E88E23846BFB00734AE0 = {
						CreatedOnToolsVersion = 11.2.1;
					};
					EA30E8A723846C0200734AE0 = {
						CreatedOnToolsVersion = 11.2.1;
						TestTargetID = EA30E88E23846BFB00734AE0;
					};
				};
			};
			buildConfigurationList = EA30E88A23846BFB00734AE0 /* Build configuration list for PBXProject "firebase-practice-mock-instagram" */;
			compatibilityVersion = "Xcode 9.3";
			developmentRegion = en;
			hasScannedForEncodings = 0;
			knownRegions = (
				en,
				Base,
			);
			mainGroup = EA30E88623846BFB00734AE0;
			productRefGroup = EA30E89023846BFB00734AE0 /* Products */;
			projectDirPath = "";
			projectRoot = "";
			targets = (
				EA30E88E23846BFB00734AE0 /* firebase-practice-mock-instagram */,
				EA30E8A723846C0200734AE0 /* firebase-practice-mock-instagramTests */,
			);
		};
/* End PBXProject section */

/* Begin PBXResourcesBuildPhase section */
		EA30E88D23846BFB00734AE0 /* Resources */ = {
			isa = PBXResourcesBuildPhase;
			buildActionMask = 2147483647;
			files = (
				EA30E8A223846C0200734AE0 /* LaunchScreen.storyboard in Resources */,
				EA30E89F23846C0200734AE0 /* Assets.xcassets in Resources */,
				EA30E8CE2384894200734AE0 /* GoogleService-Info.plist in Resources */,
			);
			runOnlyForDeploymentPostprocessing = 0;
		};
		EA30E8A623846C0200734AE0 /* Resources */ = {
			isa = PBXResourcesBuildPhase;
			buildActionMask = 2147483647;
			files = (
			);
			runOnlyForDeploymentPostprocessing = 0;
		};
/* End PBXResourcesBuildPhase section */

/* Begin PBXShellScriptBuildPhase section */
		08E1C880E47D4965847DC97E /* [CP] Check Pods Manifest.lock */ = {
			isa = PBXShellScriptBuildPhase;
			buildActionMask = 2147483647;
			files = (
			);
			inputFileListPaths = (
			);
			inputPaths = (
				"${PODS_PODFILE_DIR_PATH}/Podfile.lock",
				"${PODS_ROOT}/Manifest.lock",
			);
			name = "[CP] Check Pods Manifest.lock";
			outputFileListPaths = (
			);
			outputPaths = (
				"$(DERIVED_FILE_DIR)/Pods-firebase-practice-mock-instagramTests-checkManifestLockResult.txt",
			);
			runOnlyForDeploymentPostprocessing = 0;
			shellPath = /bin/sh;
			shellScript = "diff \"${PODS_PODFILE_DIR_PATH}/Podfile.lock\" \"${PODS_ROOT}/Manifest.lock\" > /dev/null\nif [ $? != 0 ] ; then\n    # print error to STDERR\n    echo \"error: The sandbox is not in sync with the Podfile.lock. Run 'pod install' or update your CocoaPods installation.\" >&2\n    exit 1\nfi\n# This output is used by Xcode 'outputs' to avoid re-running this script phase.\necho \"SUCCESS\" > \"${SCRIPT_OUTPUT_FILE_0}\"\n";
			showEnvVarsInLog = 0;
		};
		F1CFFA60296128B83DE69915 /* [CP] Check Pods Manifest.lock */ = {
			isa = PBXShellScriptBuildPhase;
			buildActionMask = 2147483647;
			files = (
			);
			inputFileListPaths = (
			);
			inputPaths = (
				"${PODS_PODFILE_DIR_PATH}/Podfile.lock",
				"${PODS_ROOT}/Manifest.lock",
			);
			name = "[CP] Check Pods Manifest.lock";
			outputFileListPaths = (
			);
			outputPaths = (
				"$(DERIVED_FILE_DIR)/Pods-firebase-practice-mock-instagram-checkManifestLockResult.txt",
			);
			runOnlyForDeploymentPostprocessing = 0;
			shellPath = /bin/sh;
			shellScript = "diff \"${PODS_PODFILE_DIR_PATH}/Podfile.lock\" \"${PODS_ROOT}/Manifest.lock\" > /dev/null\nif [ $? != 0 ] ; then\n    # print error to STDERR\n    echo \"error: The sandbox is not in sync with the Podfile.lock. Run 'pod install' or update your CocoaPods installation.\" >&2\n    exit 1\nfi\n# This output is used by Xcode 'outputs' to avoid re-running this script phase.\necho \"SUCCESS\" > \"${SCRIPT_OUTPUT_FILE_0}\"\n";
			showEnvVarsInLog = 0;
		};
		F72A405291ED275AA6EFE190 /* [CP] Embed Pods Frameworks */ = {
			isa = PBXShellScriptBuildPhase;
			buildActionMask = 2147483647;
			files = (
			);
			inputFileListPaths = (
				"${PODS_ROOT}/Target Support Files/Pods-firebase-practice-mock-instagram/Pods-firebase-practice-mock-instagram-frameworks-${CONFIGURATION}-input-files.xcfilelist",
			);
			name = "[CP] Embed Pods Frameworks";
			outputFileListPaths = (
				"${PODS_ROOT}/Target Support Files/Pods-firebase-practice-mock-instagram/Pods-firebase-practice-mock-instagram-frameworks-${CONFIGURATION}-output-files.xcfilelist",
			);
			runOnlyForDeploymentPostprocessing = 0;
			shellPath = /bin/sh;
			shellScript = "\"${PODS_ROOT}/Target Support Files/Pods-firebase-practice-mock-instagram/Pods-firebase-practice-mock-instagram-frameworks.sh\"\n";
			showEnvVarsInLog = 0;
		};
/* End PBXShellScriptBuildPhase section */

/* Begin PBXSourcesBuildPhase section */
		EA30E88B23846BFB00734AE0 /* Sources */ = {
			isa = PBXSourcesBuildPhase;
			buildActionMask = 2147483647;
			files = (
				EA30E8D02385EF7800734AE0 /* SignUpViewController.swift in Sources */,
				EA30E89723846BFB00734AE0 /* LogInViewController.swift in Sources */,
				EA30E89323846BFB00734AE0 /* AppDelegate.swift in Sources */,
				EA30E8C82384703B00734AE0 /* FeedCollectionViewCell.swift in Sources */,
				EA30E8BF23846DEC00734AE0 /* ImageDetailViewController.swift in Sources */,
				EA30E8BB23846DCC00734AE0 /* FeedViewController.swift in Sources */,
				EA30E8C323846E8300734AE0 /* User.swift in Sources */,
				EA30E8BD23846DE500734AE0 /* ImageUploadViewController.swift in Sources */,
				EA30E8C523846EE000734AE0 /* Post.swift in Sources */,
				EA30E8B923846DC000734AE0 /* ProfileViewController.swift in Sources */,
				EA30E89523846BFB00734AE0 /* SceneDelegate.swift in Sources */,
			);
			runOnlyForDeploymentPostprocessing = 0;
		};
		EA30E8A423846C0200734AE0 /* Sources */ = {
			isa = PBXSourcesBuildPhase;
			buildActionMask = 2147483647;
			files = (
				EA30E8AD23846C0200734AE0 /* firebase_practice_mock_instagramTests.swift in Sources */,
			);
			runOnlyForDeploymentPostprocessing = 0;
		};
/* End PBXSourcesBuildPhase section */

/* Begin PBXTargetDependency section */
		EA30E8AA23846C0200734AE0 /* PBXTargetDependency */ = {
			isa = PBXTargetDependency;
			target = EA30E88E23846BFB00734AE0 /* firebase-practice-mock-instagram */;
			targetProxy = EA30E8A923846C0200734AE0 /* PBXContainerItemProxy */;
		};
/* End PBXTargetDependency section */

/* Begin PBXVariantGroup section */
		EA30E8A023846C0200734AE0 /* LaunchScreen.storyboard */ = {
			isa = PBXVariantGroup;
			children = (
				EA30E8A123846C0200734AE0 /* Base */,
			);
			name = LaunchScreen.storyboard;
			sourceTree = "<group>";
		};
/* End PBXVariantGroup section */

/* Begin XCBuildConfiguration section */
		EA30E8AF23846C0200734AE0 /* Debug */ = {
			isa = XCBuildConfiguration;
			buildSettings = {
				ALWAYS_SEARCH_USER_PATHS = NO;
				CLANG_ANALYZER_NONNULL = YES;
				CLANG_ANALYZER_NUMBER_OBJECT_CONVERSION = YES_AGGRESSIVE;
				CLANG_CXX_LANGUAGE_STANDARD = "gnu++14";
				CLANG_CXX_LIBRARY = "libc++";
				CLANG_ENABLE_MODULES = YES;
				CLANG_ENABLE_OBJC_ARC = YES;
				CLANG_ENABLE_OBJC_WEAK = YES;
				CLANG_WARN_BLOCK_CAPTURE_AUTORELEASING = YES;
				CLANG_WARN_BOOL_CONVERSION = YES;
				CLANG_WARN_COMMA = YES;
				CLANG_WARN_CONSTANT_CONVERSION = YES;
				CLANG_WARN_DEPRECATED_OBJC_IMPLEMENTATIONS = YES;
				CLANG_WARN_DIRECT_OBJC_ISA_USAGE = YES_ERROR;
				CLANG_WARN_DOCUMENTATION_COMMENTS = YES;
				CLANG_WARN_EMPTY_BODY = YES;
				CLANG_WARN_ENUM_CONVERSION = YES;
				CLANG_WARN_INFINITE_RECURSION = YES;
				CLANG_WARN_INT_CONVERSION = YES;
				CLANG_WARN_NON_LITERAL_NULL_CONVERSION = YES;
				CLANG_WARN_OBJC_IMPLICIT_RETAIN_SELF = YES;
				CLANG_WARN_OBJC_LITERAL_CONVERSION = YES;
				CLANG_WARN_OBJC_ROOT_CLASS = YES_ERROR;
				CLANG_WARN_RANGE_LOOP_ANALYSIS = YES;
				CLANG_WARN_STRICT_PROTOTYPES = YES;
				CLANG_WARN_SUSPICIOUS_MOVE = YES;
				CLANG_WARN_UNGUARDED_AVAILABILITY = YES_AGGRESSIVE;
				CLANG_WARN_UNREACHABLE_CODE = YES;
				CLANG_WARN__DUPLICATE_METHOD_MATCH = YES;
				COPY_PHASE_STRIP = NO;
				DEBUG_INFORMATION_FORMAT = dwarf;
				ENABLE_STRICT_OBJC_MSGSEND = YES;
				ENABLE_TESTABILITY = YES;
				GCC_C_LANGUAGE_STANDARD = gnu11;
				GCC_DYNAMIC_NO_PIC = NO;
				GCC_NO_COMMON_BLOCKS = YES;
				GCC_OPTIMIZATION_LEVEL = 0;
				GCC_PREPROCESSOR_DEFINITIONS = (
					"DEBUG=1",
					"$(inherited)",
				);
				GCC_WARN_64_TO_32_BIT_CONVERSION = YES;
				GCC_WARN_ABOUT_RETURN_TYPE = YES_ERROR;
				GCC_WARN_UNDECLARED_SELECTOR = YES;
				GCC_WARN_UNINITIALIZED_AUTOS = YES_AGGRESSIVE;
				GCC_WARN_UNUSED_FUNCTION = YES;
				GCC_WARN_UNUSED_VARIABLE = YES;
				IPHONEOS_DEPLOYMENT_TARGET = 13.2;
				MTL_ENABLE_DEBUG_INFO = INCLUDE_SOURCE;
				MTL_FAST_MATH = YES;
				ONLY_ACTIVE_ARCH = YES;
				SDKROOT = iphoneos;
				SWIFT_ACTIVE_COMPILATION_CONDITIONS = DEBUG;
				SWIFT_OPTIMIZATION_LEVEL = "-Onone";
			};
			name = Debug;
		};
		EA30E8B023846C0200734AE0 /* Release */ = {
			isa = XCBuildConfiguration;
			buildSettings = {
				ALWAYS_SEARCH_USER_PATHS = NO;
				CLANG_ANALYZER_NONNULL = YES;
				CLANG_ANALYZER_NUMBER_OBJECT_CONVERSION = YES_AGGRESSIVE;
				CLANG_CXX_LANGUAGE_STANDARD = "gnu++14";
				CLANG_CXX_LIBRARY = "libc++";
				CLANG_ENABLE_MODULES = YES;
				CLANG_ENABLE_OBJC_ARC = YES;
				CLANG_ENABLE_OBJC_WEAK = YES;
				CLANG_WARN_BLOCK_CAPTURE_AUTORELEASING = YES;
				CLANG_WARN_BOOL_CONVERSION = YES;
				CLANG_WARN_COMMA = YES;
				CLANG_WARN_CONSTANT_CONVERSION = YES;
				CLANG_WARN_DEPRECATED_OBJC_IMPLEMENTATIONS = YES;
				CLANG_WARN_DIRECT_OBJC_ISA_USAGE = YES_ERROR;
				CLANG_WARN_DOCUMENTATION_COMMENTS = YES;
				CLANG_WARN_EMPTY_BODY = YES;
				CLANG_WARN_ENUM_CONVERSION = YES;
				CLANG_WARN_INFINITE_RECURSION = YES;
				CLANG_WARN_INT_CONVERSION = YES;
				CLANG_WARN_NON_LITERAL_NULL_CONVERSION = YES;
				CLANG_WARN_OBJC_IMPLICIT_RETAIN_SELF = YES;
				CLANG_WARN_OBJC_LITERAL_CONVERSION = YES;
				CLANG_WARN_OBJC_ROOT_CLASS = YES_ERROR;
				CLANG_WARN_RANGE_LOOP_ANALYSIS = YES;
				CLANG_WARN_STRICT_PROTOTYPES = YES;
				CLANG_WARN_SUSPICIOUS_MOVE = YES;
				CLANG_WARN_UNGUARDED_AVAILABILITY = YES_AGGRESSIVE;
				CLANG_WARN_UNREACHABLE_CODE = YES;
				CLANG_WARN__DUPLICATE_METHOD_MATCH = YES;
				COPY_PHASE_STRIP = NO;
				DEBUG_INFORMATION_FORMAT = "dwarf-with-dsym";
				ENABLE_NS_ASSERTIONS = NO;
				ENABLE_STRICT_OBJC_MSGSEND = YES;
				GCC_C_LANGUAGE_STANDARD = gnu11;
				GCC_NO_COMMON_BLOCKS = YES;
				GCC_WARN_64_TO_32_BIT_CONVERSION = YES;
				GCC_WARN_ABOUT_RETURN_TYPE = YES_ERROR;
				GCC_WARN_UNDECLARED_SELECTOR = YES;
				GCC_WARN_UNINITIALIZED_AUTOS = YES_AGGRESSIVE;
				GCC_WARN_UNUSED_FUNCTION = YES;
				GCC_WARN_UNUSED_VARIABLE = YES;
				IPHONEOS_DEPLOYMENT_TARGET = 13.2;
				MTL_ENABLE_DEBUG_INFO = NO;
				MTL_FAST_MATH = YES;
				SDKROOT = iphoneos;
				SWIFT_COMPILATION_MODE = wholemodule;
				SWIFT_OPTIMIZATION_LEVEL = "-O";
				VALIDATE_PRODUCT = YES;
			};
			name = Release;
		};
		EA30E8B223846C0200734AE0 /* Debug */ = {
			isa = XCBuildConfiguration;
			baseConfigurationReference = B7D87D7F2AD8BED7287CF11E /* Pods-firebase-practice-mock-instagram.debug.xcconfig */;
			buildSettings = {
				ASSETCATALOG_COMPILER_APPICON_NAME = AppIcon;
				CODE_SIGN_STYLE = Automatic;
				INFOPLIST_FILE = "firebase-practice-mock-instagram/Info.plist";
				LD_RUNPATH_SEARCH_PATHS = (
					"$(inherited)",
					"@executable_path/Frameworks",
				);
				PRODUCT_BUNDLE_IDENTIFIER = "Pursuit-6.1.firebase-practice-mock-instagram";
				PRODUCT_NAME = "$(TARGET_NAME)";
				SWIFT_VERSION = 5.0;
				TARGETED_DEVICE_FAMILY = "1,2";
			};
			name = Debug;
		};
		EA30E8B323846C0200734AE0 /* Release */ = {
			isa = XCBuildConfiguration;
			baseConfigurationReference = F05052A10CC6B2FF9F5CA026 /* Pods-firebase-practice-mock-instagram.release.xcconfig */;
			buildSettings = {
				ASSETCATALOG_COMPILER_APPICON_NAME = AppIcon;
				CODE_SIGN_STYLE = Automatic;
				INFOPLIST_FILE = "firebase-practice-mock-instagram/Info.plist";
				LD_RUNPATH_SEARCH_PATHS = (
					"$(inherited)",
					"@executable_path/Frameworks",
				);
				PRODUCT_BUNDLE_IDENTIFIER = "Pursuit-6.1.firebase-practice-mock-instagram";
				PRODUCT_NAME = "$(TARGET_NAME)";
				SWIFT_VERSION = 5.0;
				TARGETED_DEVICE_FAMILY = "1,2";
			};
			name = Release;
		};
		EA30E8B523846C0200734AE0 /* Debug */ = {
			isa = XCBuildConfiguration;
			baseConfigurationReference = F5BA91300F8B124F1EE66D6E /* Pods-firebase-practice-mock-instagramTests.debug.xcconfig */;
			buildSettings = {
				ALWAYS_EMBED_SWIFT_STANDARD_LIBRARIES = YES;
				BUNDLE_LOADER = "$(TEST_HOST)";
				CODE_SIGN_STYLE = Automatic;
				INFOPLIST_FILE = "firebase-practice-mock-instagramTests/Info.plist";
				IPHONEOS_DEPLOYMENT_TARGET = 13.2;
				LD_RUNPATH_SEARCH_PATHS = (
					"$(inherited)",
					"@executable_path/Frameworks",
					"@loader_path/Frameworks",
				);
				PRODUCT_BUNDLE_IDENTIFIER = "Pursuit-6.1.firebase-practice-mock-instagramTests";
				PRODUCT_NAME = "$(TARGET_NAME)";
				SWIFT_VERSION = 5.0;
				TARGETED_DEVICE_FAMILY = "1,2";
				TEST_HOST = "$(BUILT_PRODUCTS_DIR)/firebase-practice-mock-instagram.app/firebase-practice-mock-instagram";
			};
			name = Debug;
		};
		EA30E8B623846C0200734AE0 /* Release */ = {
			isa = XCBuildConfiguration;
			baseConfigurationReference = A74F2BA8D98CDDB4694DAF50 /* Pods-firebase-practice-mock-instagramTests.release.xcconfig */;
			buildSettings = {
				ALWAYS_EMBED_SWIFT_STANDARD_LIBRARIES = YES;
				BUNDLE_LOADER = "$(TEST_HOST)";
				CODE_SIGN_STYLE = Automatic;
				INFOPLIST_FILE = "firebase-practice-mock-instagramTests/Info.plist";
				IPHONEOS_DEPLOYMENT_TARGET = 13.2;
				LD_RUNPATH_SEARCH_PATHS = (
					"$(inherited)",
					"@executable_path/Frameworks",
					"@loader_path/Frameworks",
				);
				PRODUCT_BUNDLE_IDENTIFIER = "Pursuit-6.1.firebase-practice-mock-instagramTests";
				PRODUCT_NAME = "$(TARGET_NAME)";
				SWIFT_VERSION = 5.0;
				TARGETED_DEVICE_FAMILY = "1,2";
				TEST_HOST = "$(BUILT_PRODUCTS_DIR)/firebase-practice-mock-instagram.app/firebase-practice-mock-instagram";
			};
			name = Release;
		};
/* End XCBuildConfiguration section */

/* Begin XCConfigurationList section */
		EA30E88A23846BFB00734AE0 /* Build configuration list for PBXProject "firebase-practice-mock-instagram" */ = {
			isa = XCConfigurationList;
			buildConfigurations = (
				EA30E8AF23846C0200734AE0 /* Debug */,
				EA30E8B023846C0200734AE0 /* Release */,
			);
			defaultConfigurationIsVisible = 0;
			defaultConfigurationName = Release;
		};
		EA30E8B123846C0200734AE0 /* Build configuration list for PBXNativeTarget "firebase-practice-mock-instagram" */ = {
			isa = XCConfigurationList;
			buildConfigurations = (
				EA30E8B223846C0200734AE0 /* Debug */,
				EA30E8B323846C0200734AE0 /* Release */,
			);
			defaultConfigurationIsVisible = 0;
			defaultConfigurationName = Release;
		};
		EA30E8B423846C0200734AE0 /* Build configuration list for PBXNativeTarget "firebase-practice-mock-instagramTests" */ = {
			isa = XCConfigurationList;
			buildConfigurations = (
				EA30E8B523846C0200734AE0 /* Debug */,
				EA30E8B623846C0200734AE0 /* Release */,
			);
			defaultConfigurationIsVisible = 0;
			defaultConfigurationName = Release;
		};
/* End XCConfigurationList section */
	};
	rootObject = EA30E88723846BFB00734AE0 /* Project object */;
}
